
Microsoft Visual Studio Solution File, Format Version 12.00
# Visual Studio 15
VisualStudioVersion = 15.0.26430.6
MinimumVisualStudioVersion = 10.0.40219.1
Project("{FAE04EC0-301F-11D3-BF4B-00C04F79EFBC}") = "JsonFeed", "JsonFeed\JsonFeed.csproj", "{2EE040CD-CFA3-406F-A8BB-9CCF8CEA8C2D}"
EndProject
Project("{FAE04EC0-301F-11D3-BF4B-00C04F79EFBC}") = "JsonFeed.Tests", "JsonFeed.Tests\JsonFeed.Tests.csproj", "{68A90745-43E6-4441-9CF8-574AD5F97648}"
EndProject
Global
	GlobalSection(SolutionConfigurationPlatforms) = preSolution
		Debug|Any CPU = Debug|Any CPU
		Release|Any CPU = Release|Any CPU
	EndGlobalSection
	GlobalSection(ProjectConfigurationPlatforms) = postSolution
		{2EE040CD-CFA3-406F-A8BB-9CCF8CEA8C2D}.Debug|Any CPU.ActiveCfg = Debug|Any CPU
		{2EE040CD-CFA3-406F-A8BB-9CCF8CEA8C2D}.Debug|Any CPU.Build.0 = Debug|Any CPU
		{2EE040CD-CFA3-406F-A8BB-9CCF8CEA8C2D}.Release|Any CPU.ActiveCfg = Release|Any CPU
		{2EE040CD-CFA3-406F-A8BB-9CCF8CEA8C2D}.Release|Any CPU.Build.0 = Release|Any CPU
		{68A90745-43E6-4441-9CF8-574AD5F97648}.Debug|Any CPU.ActiveCfg = Debug|Any CPU
		{68A90745-43E6-4441-9CF8-574AD5F97648}.Debug|Any CPU.Build.0 = Debug|Any CPU
		{68A90745-43E6-4441-9CF8-574AD5F97648}.Release|Any CPU.ActiveCfg = Release|Any CPU
		{68A90745-43E6-4441-9CF8-574AD5F97648}.Release|Any CPU.Build.0 = Release|Any CPU
	EndGlobalSection
	GlobalSection(SolutionProperties) = preSolution
		HideSolutionNode = FALSE
	EndGlobalSection
EndGlobal
